
Microsoft Visual Studio Solution File, Format Version 12.00
# Visual Studio Version 17
VisualStudioVersion = 17.9.34714.143
MinimumVisualStudioVersion = 10.0.40219.1
Project("{FAE04EC0-301F-11D3-BF4B-00C04F79EFBC}") = "day1", "day1\day1.csproj", "{AE1CAE4C-9E54-4547-AB74-964C61595FFF}"
EndProject
Global
	GlobalSection(SolutionConfigurationPlatforms) = preSolution
		Debug|Any CPU = Debug|Any CPU
		Release|Any CPU = Release|Any CPU
	EndGlobalSection
	GlobalSection(ProjectConfigurationPlatforms) = postSolution
		{AE1CAE4C-9E54-4547-AB74-964C61595FFF}.Debug|Any CPU.ActiveCfg = Debug|Any CPU
		{AE1CAE4C-9E54-4547-AB74-964C61595FFF}.Debug|Any CPU.Build.0 = Debug|Any CPU
		{AE1CAE4C-9E54-4547-AB74-964C61595FFF}.Release|Any CPU.ActiveCfg = Release|Any CPU
		{AE1CAE4C-9E54-4547-AB74-964C61595FFF}.Release|Any CPU.Build.0 = Release|Any CPU
	EndGlobalSection
	GlobalSection(SolutionProperties) = preSolution
		HideSolutionNode = FALSE
	EndGlobalSection
	GlobalSection(ExtensibilityGlobals) = postSolution
		SolutionGuid = {EA92729A-8F22-4FF4-ACA7-793542E9B6C0}
	EndGlobalSection
EndGlobal
